
Microsoft Visual Studio Solution File, Format Version 12.00
# Visual Studio 2017
Project("{FAE04EC0-301F-11D3-BF4B-00C04F79EFBC}") = "Origami_Hololens-master", "Origami_Hololens-master.csproj", "{C418C778-FABF-4C0A-BA26-6040C9BA79C4}"
EndProject
Global
	GlobalSection(SolutionConfigurationPlatforms) = preSolution
		Debug|Any CPU = Debug|Any CPU
		Release|Any CPU = Release|Any CPU
	EndGlobalSection
	GlobalSection(ProjectConfigurationPlatforms) = postSolution
		{C418C778-FABF-4C0A-BA26-6040C9BA79C4}.Debug|Any CPU.ActiveCfg = Debug|Any CPU
		{C418C778-FABF-4C0A-BA26-6040C9BA79C4}.Debug|Any CPU.Build.0 = Debug|Any CPU
		{C418C778-FABF-4C0A-BA26-6040C9BA79C4}.Release|Any CPU.ActiveCfg = Release|Any CPU
		{C418C778-FABF-4C0A-BA26-6040C9BA79C4}.Release|Any CPU.Build.0 = Release|Any CPU
	EndGlobalSection
	GlobalSection(SolutionProperties) = preSolution
		HideSolutionNode = FALSE
	EndGlobalSection
EndGlobal
