
Microsoft Visual Studio Solution File, Format Version 12.00
# Visual Studio 2015
Project("{FAE04EC0-301F-11D3-BF4B-00C04F79EFBC}") = "Origami_Hololens", "Origami_Hololens.csproj", "{4EDA1A7B-8040-9A32-D618-9618E56ACEA6}"
EndProject
Global
	GlobalSection(SolutionConfigurationPlatforms) = preSolution
		Debug|Any CPU = Debug|Any CPU
		Release|Any CPU = Release|Any CPU
	EndGlobalSection
	GlobalSection(ProjectConfigurationPlatforms) = postSolution
		{4EDA1A7B-8040-9A32-D618-9618E56ACEA6}.Debug|Any CPU.ActiveCfg = Debug|Any CPU
		{4EDA1A7B-8040-9A32-D618-9618E56ACEA6}.Debug|Any CPU.Build.0 = Debug|Any CPU
		{4EDA1A7B-8040-9A32-D618-9618E56ACEA6}.Release|Any CPU.ActiveCfg = Release|Any CPU
		{4EDA1A7B-8040-9A32-D618-9618E56ACEA6}.Release|Any CPU.Build.0 = Release|Any CPU
	EndGlobalSection
	GlobalSection(SolutionProperties) = preSolution
		HideSolutionNode = FALSE
	EndGlobalSection
EndGlobal
