
Microsoft Visual Studio Solution File, Format Version 12.00
# Visual Studio 2017
Project("{FAE04EC0-301F-11D3-BF4B-00C04F79EFBC}") = "hololens1", "hololens1.csproj", "{DD9084F4-A847-F157-6C51-3371D4FB4C8D}"
EndProject
Project("{FAE04EC0-301F-11D3-BF4B-00C04F79EFBC}") = "hololens1.Editor", "hololens1.Editor.csproj", "{0A5AC018-4A1E-A5A4-EB50-1A9FBAC3EA6D}"
EndProject
Global
	GlobalSection(SolutionConfigurationPlatforms) = preSolution
		Debug|Any CPU = Debug|Any CPU
		Release|Any CPU = Release|Any CPU
	EndGlobalSection
	GlobalSection(ProjectConfigurationPlatforms) = postSolution
		{DD9084F4-A847-F157-6C51-3371D4FB4C8D}.Debug|Any CPU.ActiveCfg = Debug|Any CPU
		{DD9084F4-A847-F157-6C51-3371D4FB4C8D}.Debug|Any CPU.Build.0 = Debug|Any CPU
		{DD9084F4-A847-F157-6C51-3371D4FB4C8D}.Release|Any CPU.ActiveCfg = Release|Any CPU
		{DD9084F4-A847-F157-6C51-3371D4FB4C8D}.Release|Any CPU.Build.0 = Release|Any CPU
		{0A5AC018-4A1E-A5A4-EB50-1A9FBAC3EA6D}.Debug|Any CPU.ActiveCfg = Debug|Any CPU
		{0A5AC018-4A1E-A5A4-EB50-1A9FBAC3EA6D}.Debug|Any CPU.Build.0 = Debug|Any CPU
		{0A5AC018-4A1E-A5A4-EB50-1A9FBAC3EA6D}.Release|Any CPU.ActiveCfg = Release|Any CPU
		{0A5AC018-4A1E-A5A4-EB50-1A9FBAC3EA6D}.Release|Any CPU.Build.0 = Release|Any CPU
	EndGlobalSection
	GlobalSection(SolutionProperties) = preSolution
		HideSolutionNode = FALSE
	EndGlobalSection
EndGlobal
